
Microsoft Visual Studio Solution File, Format Version 12.00
# Visual Studio Version 16
VisualStudioVersion = 16.0.29728.190
MinimumVisualStudioVersion = 10.0.40219.1
Project("{9A19103F-16F7-4668-BE54-9A1E7A4F7556}") = "Spreader", "Spreader\Spreader.csproj", "{09FF1CBA-6A94-433C-9B0F-E68CD92D54AA}"
EndProject
Project("{FAE04EC0-301F-11D3-BF4B-00C04F79EFBC}") = "Spreader Standalone Agent", "Spreader Standalone Client\Spreader Standalone Agent.csproj", "{02C659A4-396A-40DE-AC82-B8300B9808DF}"
EndProject
Project("{9A19103F-16F7-4668-BE54-9A1E7A4F7556}") = "Spreader Test Worker", "Spreader Test Worker\Spreader Test Worker.csproj", "{D358C18D-AEA5-4160-9EAE-E0812C499A02}"
EndProject
Project("{2150E333-8FDC-42A3-9474-1A3956D46DE8}") = "Solution Items", "Solution Items", "{70D3BB87-4094-425C-AB8C-9906FC7510EF}"
	ProjectSection(SolutionItems) = preProject
		LICENSE.md = LICENSE.md
		README.md = README.md
	EndProjectSection
EndProject
Project("{9A19103F-16F7-4668-BE54-9A1E7A4F7556}") = "SpreaderMasterService", "SpreaderMasterService\SpreaderMasterService.csproj", "{5D8C00E3-C239-42A2-AF18-BC44721776E7}"
EndProject
Global
	GlobalSection(SolutionConfigurationPlatforms) = preSolution
		Debug|Any CPU = Debug|Any CPU
		Release|Any CPU = Release|Any CPU
	EndGlobalSection
	GlobalSection(ProjectConfigurationPlatforms) = postSolution
		{09FF1CBA-6A94-433C-9B0F-E68CD92D54AA}.Debug|Any CPU.ActiveCfg = Debug|Any CPU
		{09FF1CBA-6A94-433C-9B0F-E68CD92D54AA}.Debug|Any CPU.Build.0 = Debug|Any CPU
		{09FF1CBA-6A94-433C-9B0F-E68CD92D54AA}.Release|Any CPU.ActiveCfg = Release|Any CPU
		{09FF1CBA-6A94-433C-9B0F-E68CD92D54AA}.Release|Any CPU.Build.0 = Release|Any CPU
		{02C659A4-396A-40DE-AC82-B8300B9808DF}.Debug|Any CPU.ActiveCfg = Debug|Any CPU
		{02C659A4-396A-40DE-AC82-B8300B9808DF}.Debug|Any CPU.Build.0 = Debug|Any CPU
		{02C659A4-396A-40DE-AC82-B8300B9808DF}.Release|Any CPU.ActiveCfg = Release|Any CPU
		{02C659A4-396A-40DE-AC82-B8300B9808DF}.Release|Any CPU.Build.0 = Release|Any CPU
		{D358C18D-AEA5-4160-9EAE-E0812C499A02}.Debug|Any CPU.ActiveCfg = Debug|Any CPU
		{D358C18D-AEA5-4160-9EAE-E0812C499A02}.Debug|Any CPU.Build.0 = Debug|Any CPU
		{D358C18D-AEA5-4160-9EAE-E0812C499A02}.Release|Any CPU.ActiveCfg = Release|Any CPU
		{D358C18D-AEA5-4160-9EAE-E0812C499A02}.Release|Any CPU.Build.0 = Release|Any CPU
		{5D8C00E3-C239-42A2-AF18-BC44721776E7}.Debug|Any CPU.ActiveCfg = Debug|Any CPU
		{5D8C00E3-C239-42A2-AF18-BC44721776E7}.Debug|Any CPU.Build.0 = Debug|Any CPU
		{5D8C00E3-C239-42A2-AF18-BC44721776E7}.Release|Any CPU.ActiveCfg = Release|Any CPU
		{5D8C00E3-C239-42A2-AF18-BC44721776E7}.Release|Any CPU.Build.0 = Release|Any CPU
	EndGlobalSection
	GlobalSection(SolutionProperties) = preSolution
		HideSolutionNode = FALSE
	EndGlobalSection
	GlobalSection(ExtensibilityGlobals) = postSolution
		SolutionGuid = {59545DD1-4DDA-43E8-A292-5AF1228D6C6B}
	EndGlobalSection
EndGlobal
